// !$*UTF8*$!
{
	archiveVersion = 1;
	classes = {
	};
	objectVersion = 56;
	objects = {

/* Begin PBXBuildFile section */
		40BAD853294076FD00264391 /* Day7.swift in Sources */ = {isa = PBXBuildFile; fileRef = 40BAD852294076FD00264391 /* Day7.swift */; };
		40CC5D122939E92600A1EEE4 /* main.swift in Sources */ = {isa = PBXBuildFile; fileRef = 40CC5D112939E92600A1EEE4 /* main.swift */; };
		40CC5FDC2939EA6B00A1EEE4 /* Day1.swift in Sources */ = {isa = PBXBuildFile; fileRef = 40CC5FD82939EA6B00A1EEE4 /* Day1.swift */; };
		40CC5FDD2939EA6B00A1EEE4 /* Helpers.swift in Sources */ = {isa = PBXBuildFile; fileRef = 40CC5FD92939EA6B00A1EEE4 /* Helpers.swift */; };
		40CC629E2939EB0C00A1EEE4 /* Algorithms in Frameworks */ = {isa = PBXBuildFile; productRef = 40CC629D2939EB0C00A1EEE4 /* Algorithms */; };
		A57E6B41294BD23500AD89AA /* Day14.swift in Sources */ = {isa = PBXBuildFile; fileRef = A57E6B40294BD23500AD89AA /* Day14.swift */; };
		A5D0D016293B54B500C8B392 /* Day2.swift in Sources */ = {isa = PBXBuildFile; fileRef = A5D0D015293B54B500C8B392 /* Day2.swift */; };
		A5D0D019293B6DF100C8B392 /* Day3.swift in Sources */ = {isa = PBXBuildFile; fileRef = A5D0D018293B6DF100C8B392 /* Day3.swift */; };
		A5D0D01C293C8C3400C8B392 /* Day4.swift in Sources */ = {isa = PBXBuildFile; fileRef = A5D0D01B293C8C3400C8B392 /* Day4.swift */; };
		A5D0D01F293F233A00C8B392 /* Day6.swift in Sources */ = {isa = PBXBuildFile; fileRef = A5D0D01E293F233A00C8B392 /* Day6.swift */; };
		A5D0D0222941C3FE00C8B392 /* Day8.swift in Sources */ = {isa = PBXBuildFile; fileRef = A5D0D0212941C3FE00C8B392 /* Day8.swift */; };
		A5D0D0252944CDC200C8B392 /* Day9.swift in Sources */ = {isa = PBXBuildFile; fileRef = A5D0D0242944CDC200C8B392 /* Day9.swift */; };
		A5D0D0282944DCBF00C8B392 /* Day10.swift in Sources */ = {isa = PBXBuildFile; fileRef = A5D0D0272944DCBF00C8B392 /* Day10.swift */; };
		A5D0D02B29462D0200C8B392 /* Day11.swift in Sources */ = {isa = PBXBuildFile; fileRef = A5D0D02A29462D0200C8B392 /* Day11.swift */; };
		A5D0D02E2947F14400C8B392 /* Day12.swift in Sources */ = {isa = PBXBuildFile; fileRef = A5D0D02D2947F14400C8B392 /* Day12.swift */; };
		A5D0D03129493A3F00C8B392 /* Collections in Frameworks */ = {isa = PBXBuildFile; productRef = A5D0D03029493A3F00C8B392 /* Collections */; };
/* End PBXBuildFile section */

/* Begin PBXCopyFilesBuildPhase section */
		40CC5D0C2939E92600A1EEE4 /* CopyFiles */ = {
			isa = PBXCopyFilesBuildPhase;
			buildActionMask = 2147483647;
			dstPath = /usr/share/man/man1/;
			dstSubfolderSpec = 0;
			files = (
			);
			runOnlyForDeploymentPostprocessing = 1;
		};
/* End PBXCopyFilesBuildPhase section */

/* Begin PBXFileReference section */
		40BAD851294076ED00264391 /* Day7 */ = {isa = PBXFileReference; lastKnownFileType = text; path = Day7; sourceTree = "<group>"; };
		40BAD852294076FD00264391 /* Day7.swift */ = {isa = PBXFileReference; lastKnownFileType = sourcecode.swift; path = Day7.swift; sourceTree = "<group>"; };
		40CC5D0E2939E92600A1EEE4 /* AdventOfCode2022 */ = {isa = PBXFileReference; explicitFileType = "compiled.mach-o.executable"; includeInIndex = 0; path = AdventOfCode2022; sourceTree = BUILT_PRODUCTS_DIR; };
		40CC5D112939E92600A1EEE4 /* main.swift */ = {isa = PBXFileReference; lastKnownFileType = sourcecode.swift; path = main.swift; sourceTree = "<group>"; };
		40CC5FD82939EA6B00A1EEE4 /* Day1.swift */ = {isa = PBXFileReference; fileEncoding = 4; lastKnownFileType = sourcecode.swift; path = Day1.swift; sourceTree = "<group>"; };
		40CC5FD92939EA6B00A1EEE4 /* Helpers.swift */ = {isa = PBXFileReference; fileEncoding = 4; lastKnownFileType = sourcecode.swift; path = Helpers.swift; sourceTree = "<group>"; };
		40CC5FDB2939EA6B00A1EEE4 /* Day1 */ = {isa = PBXFileReference; fileEncoding = 4; lastKnownFileType = text; path = Day1; sourceTree = "<group>"; };
		A57E6B40294BD23500AD89AA /* Day14.swift */ = {isa = PBXFileReference; lastKnownFileType = sourcecode.swift; path = Day14.swift; sourceTree = "<group>"; };
		A57E6B42294BD24100AD89AA /* Day14 */ = {isa = PBXFileReference; lastKnownFileType = text; path = Day14; sourceTree = "<group>"; };
		A5D0D014293B543F00C8B392 /* Day2 */ = {isa = PBXFileReference; lastKnownFileType = text; path = Day2; sourceTree = "<group>"; };
		A5D0D015293B54B500C8B392 /* Day2.swift */ = {isa = PBXFileReference; lastKnownFileType = sourcecode.swift; path = Day2.swift; sourceTree = "<group>"; };
		A5D0D017293B6DEA00C8B392 /* Day3 */ = {isa = PBXFileReference; lastKnownFileType = text; path = Day3; sourceTree = "<group>"; };
		A5D0D018293B6DF100C8B392 /* Day3.swift */ = {isa = PBXFileReference; lastKnownFileType = sourcecode.swift; path = Day3.swift; sourceTree = "<group>"; };
		A5D0D01A293C8C1900C8B392 /* Day4 */ = {isa = PBXFileReference; lastKnownFileType = text; path = Day4; sourceTree = "<group>"; };
		A5D0D01B293C8C3400C8B392 /* Day4.swift */ = {isa = PBXFileReference; lastKnownFileType = sourcecode.swift; path = Day4.swift; sourceTree = "<group>"; };
		A5D0D01D293F233100C8B392 /* Day6 */ = {isa = PBXFileReference; lastKnownFileType = text; path = Day6; sourceTree = "<group>"; };
		A5D0D01E293F233A00C8B392 /* Day6.swift */ = {isa = PBXFileReference; lastKnownFileType = sourcecode.swift; path = Day6.swift; sourceTree = "<group>"; };
		A5D0D0202941C3D700C8B392 /* Day8 */ = {isa = PBXFileReference; lastKnownFileType = text; path = Day8; sourceTree = "<group>"; };
		A5D0D0212941C3FE00C8B392 /* Day8.swift */ = {isa = PBXFileReference; lastKnownFileType = sourcecode.swift; path = Day8.swift; sourceTree = "<group>"; };
		A5D0D0232944CDBA00C8B392 /* Day9 */ = {isa = PBXFileReference; lastKnownFileType = text; path = Day9; sourceTree = "<group>"; };
		A5D0D0242944CDC200C8B392 /* Day9.swift */ = {isa = PBXFileReference; lastKnownFileType = sourcecode.swift; path = Day9.swift; sourceTree = "<group>"; };
		A5D0D0262944DCB300C8B392 /* Day10 */ = {isa = PBXFileReference; lastKnownFileType = text; path = Day10; sourceTree = "<group>"; };
		A5D0D0272944DCBF00C8B392 /* Day10.swift */ = {isa = PBXFileReference; lastKnownFileType = sourcecode.swift; path = Day10.swift; sourceTree = "<group>"; };
		A5D0D02929462CF900C8B392 /* Day11 */ = {isa = PBXFileReference; lastKnownFileType = text; path = Day11; sourceTree = "<group>"; };
		A5D0D02A29462D0200C8B392 /* Day11.swift */ = {isa = PBXFileReference; lastKnownFileType = sourcecode.swift; path = Day11.swift; sourceTree = "<group>"; };
		A5D0D02C2947F13D00C8B392 /* Day12 */ = {isa = PBXFileReference; lastKnownFileType = text; path = Day12; sourceTree = "<group>"; };
		A5D0D02D2947F14400C8B392 /* Day12.swift */ = {isa = PBXFileReference; lastKnownFileType = sourcecode.swift; path = Day12.swift; sourceTree = "<group>"; };
/* End PBXFileReference section */

/* Begin PBXFrameworksBuildPhase section */
		40CC5D0B2939E92600A1EEE4 /* Frameworks */ = {
			isa = PBXFrameworksBuildPhase;
			buildActionMask = 2147483647;
			files = (
				A5D0D03129493A3F00C8B392 /* Collections in Frameworks */,
				40CC629E2939EB0C00A1EEE4 /* Algorithms in Frameworks */,
			);
			runOnlyForDeploymentPostprocessing = 0;
		};
/* End PBXFrameworksBuildPhase section */

/* Begin PBXGroup section */
		40CC5D052939E92600A1EEE4 = {
			isa = PBXGroup;
			children = (
				40CC5D102939E92600A1EEE4 /* AdventOfCode2022 */,
				40CC5D0F2939E92600A1EEE4 /* Products */,
			);
			sourceTree = "<group>";
		};
		40CC5D0F2939E92600A1EEE4 /* Products */ = {
			isa = PBXGroup;
			children = (
				40CC5D0E2939E92600A1EEE4 /* AdventOfCode2022 */,
			);
			name = Products;
			sourceTree = "<group>";
		};
		40CC5D102939E92600A1EEE4 /* AdventOfCode2022 */ = {
			isa = PBXGroup;
			children = (
				40CC5FD82939EA6B00A1EEE4 /* Day1.swift */,
				A5D0D015293B54B500C8B392 /* Day2.swift */,
				A5D0D018293B6DF100C8B392 /* Day3.swift */,
				A5D0D01B293C8C3400C8B392 /* Day4.swift */,
				A5D0D01E293F233A00C8B392 /* Day6.swift */,
				40BAD852294076FD00264391 /* Day7.swift */,
				A5D0D0212941C3FE00C8B392 /* Day8.swift */,
				A5D0D0242944CDC200C8B392 /* Day9.swift */,
				A5D0D0272944DCBF00C8B392 /* Day10.swift */,
				A5D0D02A29462D0200C8B392 /* Day11.swift */,
				A5D0D02D2947F14400C8B392 /* Day12.swift */,
				A57E6B40294BD23500AD89AA /* Day14.swift */,
				40CC5FD92939EA6B00A1EEE4 /* Helpers.swift */,
				40CC5D112939E92600A1EEE4 /* main.swift */,
				40CC5FDA2939EA6B00A1EEE4 /* Support Files */,
			);
			path = AdventOfCode2022;
			sourceTree = "<group>";
		};
		40CC5FDA2939EA6B00A1EEE4 /* Support Files */ = {
			isa = PBXGroup;
			children = (
				40CC5FDB2939EA6B00A1EEE4 /* Day1 */,
				A5D0D014293B543F00C8B392 /* Day2 */,
				A5D0D017293B6DEA00C8B392 /* Day3 */,
				A5D0D01A293C8C1900C8B392 /* Day4 */,
				A5D0D01D293F233100C8B392 /* Day6 */,
				40BAD851294076ED00264391 /* Day7 */,
				A5D0D0202941C3D700C8B392 /* Day8 */,
				A5D0D0232944CDBA00C8B392 /* Day9 */,
				A5D0D0262944DCB300C8B392 /* Day10 */,
				A5D0D02929462CF900C8B392 /* Day11 */,
				A5D0D02C2947F13D00C8B392 /* Day12 */,
				A57E6B42294BD24100AD89AA /* Day14 */,
			);
			path = "Support Files";
			sourceTree = "<group>";
		};
/* End PBXGroup section */

/* Begin PBXNativeTarget section */
		40CC5D0D2939E92600A1EEE4 /* AdventOfCode2022 */ = {
			isa = PBXNativeTarget;
			buildConfigurationList = 40CC5D152939E92600A1EEE4 /* Build configuration list for PBXNativeTarget "AdventOfCode2022" */;
			buildPhases = (
				40CC5D0A2939E92600A1EEE4 /* Sources */,
				40CC5D0B2939E92600A1EEE4 /* Frameworks */,
				40CC5D0C2939E92600A1EEE4 /* CopyFiles */,
			);
			buildRules = (
			);
			dependencies = (
			);
			name = AdventOfCode2022;
			packageProductDependencies = (
				40CC629D2939EB0C00A1EEE4 /* Algorithms */,
				A5D0D03029493A3F00C8B392 /* Collections */,
			);
			productName = AdventOfCode2022;
			productReference = 40CC5D0E2939E92600A1EEE4 /* AdventOfCode2022 */;
			productType = "com.apple.product-type.tool";
		};
/* End PBXNativeTarget section */

/* Begin PBXProject section */
		40CC5D062939E92600A1EEE4 /* Project object */ = {
			isa = PBXProject;
			attributes = {
				BuildIndependentTargetsInParallel = 1;
				LastSwiftUpdateCheck = 1410;
				LastUpgradeCheck = 1410;
				TargetAttributes = {
					40CC5D0D2939E92600A1EEE4 = {
						CreatedOnToolsVersion = 14.1;
					};
				};
			};
			buildConfigurationList = 40CC5D092939E92600A1EEE4 /* Build configuration list for PBXProject "AdventOfCode2022" */;
			compatibilityVersion = "Xcode 14.0";
			developmentRegion = en;
			hasScannedForEncodings = 0;
			knownRegions = (
				en,
				Base,
			);
			mainGroup = 40CC5D052939E92600A1EEE4;
			packageReferences = (
				40CC629C2939EB0C00A1EEE4 /* XCRemoteSwiftPackageReference "swift-algorithms" */,
				A5D0D02F29493A3F00C8B392 /* XCRemoteSwiftPackageReference "swift-collections" */,
			);
			productRefGroup = 40CC5D0F2939E92600A1EEE4 /* Products */;
			projectDirPath = "";
			projectRoot = "";
			targets = (
				40CC5D0D2939E92600A1EEE4 /* AdventOfCode2022 */,
			);
		};
/* End PBXProject section */

/* Begin PBXSourcesBuildPhase section */
		40CC5D0A2939E92600A1EEE4 /* Sources */ = {
			isa = PBXSourcesBuildPhase;
			buildActionMask = 2147483647;
			files = (
				40CC5FDC2939EA6B00A1EEE4 /* Day1.swift in Sources */,
				A5D0D01C293C8C3400C8B392 /* Day4.swift in Sources */,
				A5D0D02B29462D0200C8B392 /* Day11.swift in Sources */,
				40BAD853294076FD00264391 /* Day7.swift in Sources */,
				A5D0D019293B6DF100C8B392 /* Day3.swift in Sources */,
				A5D0D016293B54B500C8B392 /* Day2.swift in Sources */,
				40CC5FDD2939EA6B00A1EEE4 /* Helpers.swift in Sources */,
				A57E6B41294BD23500AD89AA /* Day14.swift in Sources */,
				A5D0D0252944CDC200C8B392 /* Day9.swift in Sources */,
				A5D0D0282944DCBF00C8B392 /* Day10.swift in Sources */,
				A5D0D02E2947F14400C8B392 /* Day12.swift in Sources */,
				A5D0D01F293F233A00C8B392 /* Day6.swift in Sources */,
				A5D0D0222941C3FE00C8B392 /* Day8.swift in Sources */,
				40CC5D122939E92600A1EEE4 /* main.swift in Sources */,
			);
			runOnlyForDeploymentPostprocessing = 0;
		};
/* End PBXSourcesBuildPhase section */

/* Begin XCBuildConfiguration section */
		40CC5D132939E92600A1EEE4 /* Debug */ = {
			isa = XCBuildConfiguration;
			buildSettings = {
				ALWAYS_SEARCH_USER_PATHS = NO;
				CLANG_ANALYZER_NONNULL = YES;
				CLANG_ANALYZER_NUMBER_OBJECT_CONVERSION = YES_AGGRESSIVE;
				CLANG_CXX_LANGUAGE_STANDARD = "gnu++20";
				CLANG_ENABLE_MODULES = YES;
				CLANG_ENABLE_OBJC_ARC = YES;
				CLANG_ENABLE_OBJC_WEAK = YES;
				CLANG_WARN_BLOCK_CAPTURE_AUTORELEASING = YES;
				CLANG_WARN_BOOL_CONVERSION = YES;
				CLANG_WARN_COMMA = YES;
				CLANG_WARN_CONSTANT_CONVERSION = YES;
				CLANG_WARN_DEPRECATED_OBJC_IMPLEMENTATIONS = YES;
				CLANG_WARN_DIRECT_OBJC_ISA_USAGE = YES_ERROR;
				CLANG_WARN_DOCUMENTATION_COMMENTS = YES;
				CLANG_WARN_EMPTY_BODY = YES;
				CLANG_WARN_ENUM_CONVERSION = YES;
				CLANG_WARN_INFINITE_RECURSION = YES;
				CLANG_WARN_INT_CONVERSION = YES;
				CLANG_WARN_NON_LITERAL_NULL_CONVERSION = YES;
				CLANG_WARN_OBJC_IMPLICIT_RETAIN_SELF = YES;
				CLANG_WARN_OBJC_LITERAL_CONVERSION = YES;
				CLANG_WARN_OBJC_ROOT_CLASS = YES_ERROR;
				CLANG_WARN_QUOTED_INCLUDE_IN_FRAMEWORK_HEADER = YES;
				CLANG_WARN_RANGE_LOOP_ANALYSIS = YES;
				CLANG_WARN_STRICT_PROTOTYPES = YES;
				CLANG_WARN_SUSPICIOUS_MOVE = YES;
				CLANG_WARN_UNGUARDED_AVAILABILITY = YES_AGGRESSIVE;
				CLANG_WARN_UNREACHABLE_CODE = YES;
				CLANG_WARN__DUPLICATE_METHOD_MATCH = YES;
				COPY_PHASE_STRIP = NO;
				DEBUG_INFORMATION_FORMAT = dwarf;
				ENABLE_STRICT_OBJC_MSGSEND = YES;
				ENABLE_TESTABILITY = YES;
				GCC_C_LANGUAGE_STANDARD = gnu11;
				GCC_DYNAMIC_NO_PIC = NO;
				GCC_NO_COMMON_BLOCKS = YES;
				GCC_OPTIMIZATION_LEVEL = 0;
				GCC_PREPROCESSOR_DEFINITIONS = (
					"DEBUG=1",
					"$(inherited)",
				);
				GCC_WARN_64_TO_32_BIT_CONVERSION = YES;
				GCC_WARN_ABOUT_RETURN_TYPE = YES_ERROR;
				GCC_WARN_UNDECLARED_SELECTOR = YES;
				GCC_WARN_UNINITIALIZED_AUTOS = YES_AGGRESSIVE;
				GCC_WARN_UNUSED_FUNCTION = YES;
				GCC_WARN_UNUSED_VARIABLE = YES;
				MACOSX_DEPLOYMENT_TARGET = 13.0;
				MTL_ENABLE_DEBUG_INFO = INCLUDE_SOURCE;
				MTL_FAST_MATH = YES;
				ONLY_ACTIVE_ARCH = YES;
				SDKROOT = macosx;
				SWIFT_ACTIVE_COMPILATION_CONDITIONS = DEBUG;
				SWIFT_OPTIMIZATION_LEVEL = "-Onone";
			};
			name = Debug;
		};
		40CC5D142939E92600A1EEE4 /* Release */ = {
			isa = XCBuildConfiguration;
			buildSettings = {
				ALWAYS_SEARCH_USER_PATHS = NO;
				CLANG_ANALYZER_NONNULL = YES;
				CLANG_ANALYZER_NUMBER_OBJECT_CONVERSION = YES_AGGRESSIVE;
				CLANG_CXX_LANGUAGE_STANDARD = "gnu++20";
				CLANG_ENABLE_MODULES = YES;
				CLANG_ENABLE_OBJC_ARC = YES;
				CLANG_ENABLE_OBJC_WEAK = YES;
				CLANG_WARN_BLOCK_CAPTURE_AUTORELEASING = YES;
				CLANG_WARN_BOOL_CONVERSION = YES;
				CLANG_WARN_COMMA = YES;
				CLANG_WARN_CONSTANT_CONVERSION = YES;
				CLANG_WARN_DEPRECATED_OBJC_IMPLEMENTATIONS = YES;
				CLANG_WARN_DIRECT_OBJC_ISA_USAGE = YES_ERROR;
				CLANG_WARN_DOCUMENTATION_COMMENTS = YES;
				CLANG_WARN_EMPTY_BODY = YES;
				CLANG_WARN_ENUM_CONVERSION = YES;
				CLANG_WARN_INFINITE_RECURSION = YES;
				CLANG_WARN_INT_CONVERSION = YES;
				CLANG_WARN_NON_LITERAL_NULL_CONVERSION = YES;
				CLANG_WARN_OBJC_IMPLICIT_RETAIN_SELF = YES;
				CLANG_WARN_OBJC_LITERAL_CONVERSION = YES;
				CLANG_WARN_OBJC_ROOT_CLASS = YES_ERROR;
				CLANG_WARN_QUOTED_INCLUDE_IN_FRAMEWORK_HEADER = YES;
				CLANG_WARN_RANGE_LOOP_ANALYSIS = YES;
				CLANG_WARN_STRICT_PROTOTYPES = YES;
				CLANG_WARN_SUSPICIOUS_MOVE = YES;
				CLANG_WARN_UNGUARDED_AVAILABILITY = YES_AGGRESSIVE;
				CLANG_WARN_UNREACHABLE_CODE = YES;
				CLANG_WARN__DUPLICATE_METHOD_MATCH = YES;
				COPY_PHASE_STRIP = NO;
				DEBUG_INFORMATION_FORMAT = "dwarf-with-dsym";
				ENABLE_NS_ASSERTIONS = NO;
				ENABLE_STRICT_OBJC_MSGSEND = YES;
				GCC_C_LANGUAGE_STANDARD = gnu11;
				GCC_NO_COMMON_BLOCKS = YES;
				GCC_WARN_64_TO_32_BIT_CONVERSION = YES;
				GCC_WARN_ABOUT_RETURN_TYPE = YES_ERROR;
				GCC_WARN_UNDECLARED_SELECTOR = YES;
				GCC_WARN_UNINITIALIZED_AUTOS = YES_AGGRESSIVE;
				GCC_WARN_UNUSED_FUNCTION = YES;
				GCC_WARN_UNUSED_VARIABLE = YES;
				MACOSX_DEPLOYMENT_TARGET = 13.0;
				MTL_ENABLE_DEBUG_INFO = NO;
				MTL_FAST_MATH = YES;
				SDKROOT = macosx;
				SWIFT_COMPILATION_MODE = wholemodule;
				SWIFT_OPTIMIZATION_LEVEL = "-O";
			};
			name = Release;
		};
		40CC5D162939E92600A1EEE4 /* Debug */ = {
			isa = XCBuildConfiguration;
			buildSettings = {
				CODE_SIGN_STYLE = Automatic;
				PRODUCT_NAME = "$(TARGET_NAME)";
				SWIFT_VERSION = 5.0;
			};
			name = Debug;
		};
		40CC5D172939E92600A1EEE4 /* Release */ = {
			isa = XCBuildConfiguration;
			buildSettings = {
				CODE_SIGN_STYLE = Automatic;
				PRODUCT_NAME = "$(TARGET_NAME)";
				SWIFT_VERSION = 5.0;
			};
			name = Release;
		};
/* End XCBuildConfiguration section */

/* Begin XCConfigurationList section */
		40CC5D092939E92600A1EEE4 /* Build configuration list for PBXProject "AdventOfCode2022" */ = {
			isa = XCConfigurationList;
			buildConfigurations = (
				40CC5D132939E92600A1EEE4 /* Debug */,
				40CC5D142939E92600A1EEE4 /* Release */,
			);
			defaultConfigurationIsVisible = 0;
			defaultConfigurationName = Release;
		};
		40CC5D152939E92600A1EEE4 /* Build configuration list for PBXNativeTarget "AdventOfCode2022" */ = {
			isa = XCConfigurationList;
			buildConfigurations = (
				40CC5D162939E92600A1EEE4 /* Debug */,
				40CC5D172939E92600A1EEE4 /* Release */,
			);
			defaultConfigurationIsVisible = 0;
			defaultConfigurationName = Release;
		};
/* End XCConfigurationList section */

/* Begin XCRemoteSwiftPackageReference section */
		40CC629C2939EB0C00A1EEE4 /* XCRemoteSwiftPackageReference "swift-algorithms" */ = {
			isa = XCRemoteSwiftPackageReference;
			repositoryURL = "https://github.com/apple/swift-algorithms.git";
			requirement = {
				kind = upToNextMajorVersion;
				minimumVersion = 1.0.0;
			};
		};
		A5D0D02F29493A3F00C8B392 /* XCRemoteSwiftPackageReference "swift-collections" */ = {
			isa = XCRemoteSwiftPackageReference;
			repositoryURL = "https://github.com/apple/swift-collections.git";
			requirement = {
				kind = upToNextMajorVersion;
				minimumVersion = 1.0.0;
			};
		};
/* End XCRemoteSwiftPackageReference section */

/* Begin XCSwiftPackageProductDependency section */
		40CC629D2939EB0C00A1EEE4 /* Algorithms */ = {
			isa = XCSwiftPackageProductDependency;
			package = 40CC629C2939EB0C00A1EEE4 /* XCRemoteSwiftPackageReference "swift-algorithms" */;
			productName = Algorithms;
		};
		A5D0D03029493A3F00C8B392 /* Collections */ = {
			isa = XCSwiftPackageProductDependency;
			package = A5D0D02F29493A3F00C8B392 /* XCRemoteSwiftPackageReference "swift-collections" */;
			productName = Collections;
		};
/* End XCSwiftPackageProductDependency section */
	};
	rootObject = 40CC5D062939E92600A1EEE4 /* Project object */;
}
